// !$*UTF8*$!
{
	archiveVersion = 1;
	classes = {
	};
	objectVersion = 77;
	objects = {

/* Begin PBXBuildFile section */
		0E1E23DDC96D26DF2C9FD0F2 /* MonthWidget.swift in Sources */ = {isa = PBXBuildFile; fileRef = E88A2D007431DA65536393F1 /* MonthWidget.swift */; };
		1FEA8D067BDBC24BF04D16A9 /* CaldogWidgetBundle.swift in Sources */ = {isa = PBXBuildFile; fileRef = 706769B89772BA0900D98ABC /* CaldogWidgetBundle.swift */; };
		42FE33EF7DCBABE09D4FF806 /* CaldogKit in Frameworks */ = {isa = PBXBuildFile; productRef = 7F1D6AEADE9578DF562B751B /* CaldogKit */; };
		650301DB42C3317E452763FF /* CaldogWidget.appex in Embed Foundation Extensions */ = {isa = PBXBuildFile; fileRef = 0C7734ADD335203E494A6054 /* CaldogWidget.appex */; settings = {ATTRIBUTES = (RemoveHeadersOnCopy, ); }; };
		A4483E8A5F6A5C8F48783BEF /* MonthWidgetView.swift in Sources */ = {isa = PBXBuildFile; fileRef = 15367F49E0378412FBAE4A8F /* MonthWidgetView.swift */; };
		B1B972493E41F14192B5E1DA /* Foundation.framework in Frameworks */ = {isa = PBXBuildFile; fileRef = 807D777DD656F8BC6523A1D8 /* Foundation.framework */; };
		ED3520754DF7F3B422745649 /* CaldogKit in Frameworks */ = {isa = PBXBuildFile; productRef = E3B0B54D4D403415971CC957 /* CaldogKit */; };
/* End PBXBuildFile section */

/* Begin PBXContainerItemProxy section */
		781607AD7F475DAF740915EA /* PBXContainerItemProxy */ = {
			isa = PBXContainerItemProxy;
			containerPortal = EDCF3DB72FE9743500B6AD67 /* Project object */;
			proxyType = 1;
			remoteGlobalIDString = BB589CF60CF0EE8D7F97E2F7;
			remoteInfo = CaldogWidget;
		};
/* End PBXContainerItemProxy section */

/* Begin PBXCopyFilesBuildPhase section */
		1F2782DC4F7CF72BED5D350A /* Embed Foundation Extensions */ = {
			isa = PBXCopyFilesBuildPhase;
			buildActionMask = 2147483647;
			dstPath = "";
			dstSubfolderSpec = 13;
			files = (
				650301DB42C3317E452763FF /* CaldogWidget.appex in Embed Foundation Extensions */,
			);
			name = "Embed Foundation Extensions";
			runOnlyForDeploymentPostprocessing = 0;
		};
/* End PBXCopyFilesBuildPhase section */

/* Begin PBXFileReference section */
		0C7734ADD335203E494A6054 /* CaldogWidget.appex */ = {isa = PBXFileReference; explicitFileType = "wrapper.app-extension"; includeInIndex = 0; path = CaldogWidget.appex; sourceTree = BUILT_PRODUCTS_DIR; };
		15367F49E0378412FBAE4A8F /* MonthWidgetView.swift */ = {isa = PBXFileReference; includeInIndex = 1; lastKnownFileType = sourcecode.swift; path = MonthWidgetView.swift; sourceTree = "<group>"; };
		706769B89772BA0900D98ABC /* CaldogWidgetBundle.swift */ = {isa = PBXFileReference; includeInIndex = 1; lastKnownFileType = sourcecode.swift; path = CaldogWidgetBundle.swift; sourceTree = "<group>"; };
		807D777DD656F8BC6523A1D8 /* Foundation.framework */ = {isa = PBXFileReference; lastKnownFileType = wrapper.framework; name = Foundation.framework; path = Platforms/iPhoneOS.platform/Developer/SDKs/iPhoneOS18.0.sdk/System/Library/Frameworks/Foundation.framework; sourceTree = DEVELOPER_DIR; };
		DB6AC1B07A4BD26922CAB4B0 /* Info.plist */ = {isa = PBXFileReference; includeInIndex = 1; lastKnownFileType = text.plist.xml; path = Info.plist; sourceTree = "<group>"; };
		E88A2D007431DA65536393F1 /* MonthWidget.swift */ = {isa = PBXFileReference; includeInIndex = 1; lastKnownFileType = sourcecode.swift; path = MonthWidget.swift; sourceTree = "<group>"; };
		EDCF3DBF2FE9743500B6AD67 /* caldog.app */ = {isa = PBXFileReference; explicitFileType = wrapper.application; includeInIndex = 0; path = caldog.app; sourceTree = BUILT_PRODUCTS_DIR; };
/* End PBXFileReference section */

/* Begin PBXFileSystemSynchronizedBuildFileExceptionSet section */
		EDCF3DCC2FE9743600B6AD67 /* Exceptions for "caldog" folder in "caldog" target */ = {
			isa = PBXFileSystemSynchronizedBuildFileExceptionSet;
			membershipExceptions = (
				Info.plist,
			);
			target = EDCF3DBE2FE9743500B6AD67 /* caldog */;
		};
/* End PBXFileSystemSynchronizedBuildFileExceptionSet section */

/* Begin PBXFileSystemSynchronizedRootGroup section */
		EDCF3DC12FE9743500B6AD67 /* caldog */ = {
			isa = PBXFileSystemSynchronizedRootGroup;
			exceptions = (
				EDCF3DCC2FE9743600B6AD67 /* Exceptions for "caldog" folder in "caldog" target */,
			);
			path = caldog;
			sourceTree = "<group>";
		};
/* End PBXFileSystemSynchronizedRootGroup section */

/* Begin PBXFrameworksBuildPhase section */
		09044018E9BB27542EB6EF73 /* Frameworks */ = {
			isa = PBXFrameworksBuildPhase;
			buildActionMask = 2147483647;
			files = (
				B1B972493E41F14192B5E1DA /* Foundation.framework in Frameworks */,
				ED3520754DF7F3B422745649 /* CaldogKit in Frameworks */,
			);
			runOnlyForDeploymentPostprocessing = 0;
		};
		EDCF3DBC2FE9743500B6AD67 /* Frameworks */ = {
			isa = PBXFrameworksBuildPhase;
			buildActionMask = 2147483647;
			files = (
				42FE33EF7DCBABE09D4FF806 /* CaldogKit in Frameworks */,
			);
			runOnlyForDeploymentPostprocessing = 0;
		};
/* End PBXFrameworksBuildPhase section */

/* Begin PBXGroup section */
		4220112401362C17AAE56304 /* iOS */ = {
			isa = PBXGroup;
			children = (
				807D777DD656F8BC6523A1D8 /* Foundation.framework */,
			);
			name = iOS;
			sourceTree = "<group>";
		};
		7D1AE8F19E9D0D9FC4E7C2BB /* CaldogWidget */ = {
			isa = PBXGroup;
			children = (
				706769B89772BA0900D98ABC /* CaldogWidgetBundle.swift */,
				E88A2D007431DA65536393F1 /* MonthWidget.swift */,
				15367F49E0378412FBAE4A8F /* MonthWidgetView.swift */,
				DB6AC1B07A4BD26922CAB4B0 /* Info.plist */,
			);
			path = CaldogWidget;
			sourceTree = SOURCE_ROOT;
		};
		EDCF3DB62FE9743500B6AD67 = {
			isa = PBXGroup;
			children = (
				EDCF3DC12FE9743500B6AD67 /* caldog */,
				EDCF3DC02FE9743500B6AD67 /* Products */,
				FEDFBDEC1AFC8B40EEDBF2D5 /* Frameworks */,
				7D1AE8F19E9D0D9FC4E7C2BB /* CaldogWidget */,
			);
			sourceTree = "<group>";
		};
		EDCF3DC02FE9743500B6AD67 /* Products */ = {
			isa = PBXGroup;
			children = (
				EDCF3DBF2FE9743500B6AD67 /* caldog.app */,
				0C7734ADD335203E494A6054 /* CaldogWidget.appex */,
			);
			name = Products;
			sourceTree = "<group>";
		};
		FEDFBDEC1AFC8B40EEDBF2D5 /* Frameworks */ = {
			isa = PBXGroup;
			children = (
				4220112401362C17AAE56304 /* iOS */,
			);
			name = Frameworks;
			sourceTree = "<group>";
		};
/* End PBXGroup section */

/* Begin PBXNativeTarget section */
		BB589CF60CF0EE8D7F97E2F7 /* CaldogWidget */ = {
			isa = PBXNativeTarget;
			buildConfigurationList = 31274D7E9C58E92BEF4A5135 /* Build configuration list for PBXNativeTarget "CaldogWidget" */;
			buildPhases = (
				6534CEFFC098A23CB222ACFB /* Sources */,
				09044018E9BB27542EB6EF73 /* Frameworks */,
				DBB6167C54ECF28CA9655B12 /* Resources */,
			);
			buildRules = (
			);
			dependencies = (
			);
			name = CaldogWidget;
			packageProductDependencies = (
				E3B0B54D4D403415971CC957 /* CaldogKit */,
			);
			productName = CaldogWidget;
			productReference = 0C7734ADD335203E494A6054 /* CaldogWidget.appex */;
			productType = "com.apple.product-type.app-extension";
		};
		EDCF3DBE2FE9743500B6AD67 /* caldog */ = {
			isa = PBXNativeTarget;
			buildConfigurationList = EDCF3DCD2FE9743600B6AD67 /* Build configuration list for PBXNativeTarget "caldog" */;
			buildPhases = (
				EDCF3DBB2FE9743500B6AD67 /* Sources */,
				EDCF3DBC2FE9743500B6AD67 /* Frameworks */,
				EDCF3DBD2FE9743500B6AD67 /* Resources */,
				1F2782DC4F7CF72BED5D350A /* Embed Foundation Extensions */,
			);
			buildRules = (
			);
			dependencies = (
				B33788AE81F5AF23C2200E28 /* PBXTargetDependency */,
			);
			fileSystemSynchronizedGroups = (
				EDCF3DC12FE9743500B6AD67 /* caldog */,
			);
			name = caldog;
			packageProductDependencies = (
				7F1D6AEADE9578DF562B751B /* CaldogKit */,
			);
			productName = caldog;
			productReference = EDCF3DBF2FE9743500B6AD67 /* caldog.app */;
			productType = "com.apple.product-type.application";
		};
/* End PBXNativeTarget section */

/* Begin PBXProject section */
		EDCF3DB72FE9743500B6AD67 /* Project object */ = {
			isa = PBXProject;
			attributes = {
				BuildIndependentTargetsInParallel = 1;
				LastSwiftUpdateCheck = 2650;
				LastUpgradeCheck = 2650;
				TargetAttributes = {
					EDCF3DBE2FE9743500B6AD67 = {
						CreatedOnToolsVersion = 26.5;
					};
				};
			};
			buildConfigurationList = EDCF3DBA2FE9743500B6AD67 /* Build configuration list for PBXProject "caldog" */;
			developmentRegion = en;
			hasScannedForEncodings = 0;
			knownRegions = (
				en,
				Base,
			);
			mainGroup = EDCF3DB62FE9743500B6AD67;
			minimizedProjectReferenceProxies = 1;
			packageReferences = (
				01B2878DF28C480D52DB91FB /* XCLocalSwiftPackageReference "../CaldogKit" */,
			);
			preferredProjectObjectVersion = 77;
			productRefGroup = EDCF3DC02FE9743500B6AD67 /* Products */;
			projectDirPath = "";
			projectRoot = "";
			targets = (
				EDCF3DBE2FE9743500B6AD67 /* caldog */,
				BB589CF60CF0EE8D7F97E2F7 /* CaldogWidget */,
			);
		};
/* End PBXProject section */

/* Begin PBXResourcesBuildPhase section */
		DBB6167C54ECF28CA9655B12 /* Resources */ = {
			isa = PBXResourcesBuildPhase;
			buildActionMask = 2147483647;
			files = (
			);
			runOnlyForDeploymentPostprocessing = 0;
		};
		EDCF3DBD2FE9743500B6AD67 /* Resources */ = {
			isa = PBXResourcesBuildPhase;
			buildActionMask = 2147483647;
			files = (
			);
			runOnlyForDeploymentPostprocessing = 0;
		};
/* End PBXResourcesBuildPhase section */

/* Begin PBXSourcesBuildPhase section */
		6534CEFFC098A23CB222ACFB /* Sources */ = {
			isa = PBXSourcesBuildPhase;
			buildActionMask = 2147483647;
			files = (
				1FEA8D067BDBC24BF04D16A9 /* CaldogWidgetBundle.swift in Sources */,
				0E1E23DDC96D26DF2C9FD0F2 /* MonthWidget.swift in Sources */,
				A4483E8A5F6A5C8F48783BEF /* MonthWidgetView.swift in Sources */,
			);
			runOnlyForDeploymentPostprocessing = 0;
		};
		EDCF3DBB2FE9743500B6AD67 /* Sources */ = {
			isa = PBXSourcesBuildPhase;
			buildActionMask = 2147483647;
			files = (
			);
			runOnlyForDeploymentPostprocessing = 0;
		};
/* End PBXSourcesBuildPhase section */

/* Begin PBXTargetDependency section */
		B33788AE81F5AF23C2200E28 /* PBXTargetDependency */ = {
			isa = PBXTargetDependency;
			name = CaldogWidget;
			target = BB589CF60CF0EE8D7F97E2F7 /* CaldogWidget */;
			targetProxy = 781607AD7F475DAF740915EA /* PBXContainerItemProxy */;
		};
/* End PBXTargetDependency section */

/* Begin XCBuildConfiguration section */
		3E57185BB4FE714747A84ACD /* Release */ = {
			isa = XCBuildConfiguration;
			buildSettings = {
				APPLICATION_EXTENSION_API_ONLY = YES;
				CLANG_ENABLE_OBJC_WEAK = NO;
				CODE_SIGN_STYLE = Automatic;
				CURRENT_PROJECT_VERSION = 1;
				DEVELOPMENT_TEAM = 9ZMW52M7L5;
				ENABLE_PREVIEWS = YES;
				GENERATE_INFOPLIST_FILE = YES;
				INFOPLIST_FILE = CaldogWidget/Info.plist;
				INFOPLIST_KEY_CFBundleDisplayName = caldog;
				IPHONEOS_DEPLOYMENT_TARGET = 26.5;
				LD_RUNPATH_SEARCH_PATHS = (
					"@executable_path/Frameworks",
					"@executable_path/../../Frameworks",
				);
				MACOSX_DEPLOYMENT_TARGET = 26.5;
				MARKETING_VERSION = 1.0;
				PRODUCT_BUNDLE_IDENTIFIER = dev.sijun.caldog.CaldogWidget;
				PRODUCT_NAME = "$(TARGET_NAME)";
				SDKROOT = auto;
				SUPPORTED_PLATFORMS = "iphoneos iphonesimulator macosx xros xrsimulator";
				SWIFT_APPROACHABLE_CONCURRENCY = YES;
				SWIFT_DEFAULT_ACTOR_ISOLATION = MainActor;
				SWIFT_EMIT_LOC_STRINGS = YES;
				SWIFT_VERSION = 5.0;
				TARGETED_DEVICE_FAMILY = "1,2,7";
				VALIDATE_PRODUCT = YES;
				XROS_DEPLOYMENT_TARGET = 26.5;
			};
			name = Release;
		};
		C120F71BD3BEC96351886AD9 /* Debug */ = {
			isa = XCBuildConfiguration;
			buildSettings = {
				APPLICATION_EXTENSION_API_ONLY = YES;
				CLANG_ENABLE_OBJC_WEAK = NO;
				CODE_SIGN_STYLE = Automatic;
				CURRENT_PROJECT_VERSION = 1;
				DEVELOPMENT_TEAM = 9ZMW52M7L5;
				ENABLE_PREVIEWS = YES;
				GENERATE_INFOPLIST_FILE = YES;
				INFOPLIST_FILE = CaldogWidget/Info.plist;
				INFOPLIST_KEY_CFBundleDisplayName = caldog;
				IPHONEOS_DEPLOYMENT_TARGET = 26.5;
				LD_RUNPATH_SEARCH_PATHS = (
					"@executable_path/Frameworks",
					"@executable_path/../../Frameworks",
				);
				MACOSX_DEPLOYMENT_TARGET = 26.5;
				MARKETING_VERSION = 1.0;
				PRODUCT_BUNDLE_IDENTIFIER = dev.sijun.caldog.CaldogWidget;
				PRODUCT_NAME = "$(TARGET_NAME)";
				SDKROOT = auto;
				SUPPORTED_PLATFORMS = "iphoneos iphonesimulator macosx xros xrsimulator";
				SWIFT_APPROACHABLE_CONCURRENCY = YES;
				SWIFT_DEFAULT_ACTOR_ISOLATION = MainActor;
				SWIFT_EMIT_LOC_STRINGS = YES;
				SWIFT_VERSION = 5.0;
				TARGETED_DEVICE_FAMILY = "1,2,7";
				XROS_DEPLOYMENT_TARGET = 26.5;
			};
			name = Debug;
		};
		EDCF3DCE2FE9743600B6AD67 /* Debug */ = {
			isa = XCBuildConfiguration;
			buildSettings = {
				ASSETCATALOG_COMPILER_APPICON_NAME = AppIcon;
				ASSETCATALOG_COMPILER_GLOBAL_ACCENT_COLOR_NAME = AccentColor;
				CODE_SIGN_STYLE = Automatic;
				CURRENT_PROJECT_VERSION = 1;
				DEVELOPMENT_TEAM = 9ZMW52M7L5;
				ENABLE_APP_SANDBOX = YES;
				ENABLE_HARDENED_RUNTIME = YES;
				ENABLE_PREVIEWS = YES;
				ENABLE_USER_SELECTED_FILES = readonly;
				GENERATE_INFOPLIST_FILE = YES;
				INFOPLIST_FILE = caldog/Info.plist;
				"INFOPLIST_KEY_UIApplicationSceneManifest_Generation[sdk=iphoneos*]" = YES;
				"INFOPLIST_KEY_UIApplicationSceneManifest_Generation[sdk=iphonesimulator*]" = YES;
				"INFOPLIST_KEY_UIApplicationSupportsIndirectInputEvents[sdk=iphoneos*]" = YES;
				"INFOPLIST_KEY_UIApplicationSupportsIndirectInputEvents[sdk=iphonesimulator*]" = YES;
				"INFOPLIST_KEY_UILaunchScreen_Generation[sdk=iphoneos*]" = YES;
				"INFOPLIST_KEY_UILaunchScreen_Generation[sdk=iphonesimulator*]" = YES;
				"INFOPLIST_KEY_UIStatusBarStyle[sdk=iphoneos*]" = UIStatusBarStyleDefault;
				"INFOPLIST_KEY_UIStatusBarStyle[sdk=iphonesimulator*]" = UIStatusBarStyleDefault;
				INFOPLIST_KEY_UISupportedInterfaceOrientations_iPad = "UIInterfaceOrientationPortrait UIInterfaceOrientationPortraitUpsideDown UIInterfaceOrientationLandscapeLeft UIInterfaceOrientationLandscapeRight";
				INFOPLIST_KEY_UISupportedInterfaceOrientations_iPhone = "UIInterfaceOrientationPortrait UIInterfaceOrientationLandscapeLeft UIInterfaceOrientationLandscapeRight";
				IPHONEOS_DEPLOYMENT_TARGET = 26.5;
				LD_RUNPATH_SEARCH_PATHS = "@executable_path/Frameworks";
				"LD_RUNPATH_SEARCH_PATHS[sdk=macosx*]" = "@executable_path/../Frameworks";
				MACOSX_DEPLOYMENT_TARGET = 26.5;
				MARKETING_VERSION = 1.0;
				PRODUCT_BUNDLE_IDENTIFIER = dev.sijun.caldog;
				PRODUCT_NAME = "$(TARGET_NAME)";
				REGISTER_APP_GROUPS = YES;
				SDKROOT = auto;
				STRING_CATALOG_GENERATE_SYMBOLS = YES;
				SUPPORTED_PLATFORMS = "iphoneos iphonesimulator macosx xros xrsimulator";
				SWIFT_APPROACHABLE_CONCURRENCY = YES;
				SWIFT_DEFAULT_ACTOR_ISOLATION = MainActor;
				SWIFT_EMIT_LOC_STRINGS = YES;
				SWIFT_UPCOMING_FEATURE_MEMBER_IMPORT_VISIBILITY = YES;
				SWIFT_VERSION = 5.0;
				TARGETED_DEVICE_FAMILY = "1,2,7";
				XROS_DEPLOYMENT_TARGET = 26.5;
			};
			name = Debug;
		};
		EDCF3DCF2FE9743600B6AD67 /* Release */ = {
			isa = XCBuildConfiguration;
			buildSettings = {
				ASSETCATALOG_COMPILER_APPICON_NAME = AppIcon;
				ASSETCATALOG_COMPILER_GLOBAL_ACCENT_COLOR_NAME = AccentColor;
				CODE_SIGN_STYLE = Automatic;
				CURRENT_PROJECT_VERSION = 1;
				DEVELOPMENT_TEAM = 9ZMW52M7L5;
				ENABLE_APP_SANDBOX = YES;
				ENABLE_HARDENED_RUNTIME = YES;
				ENABLE_PREVIEWS = YES;
				ENABLE_USER_SELECTED_FILES = readonly;
				GENERATE_INFOPLIST_FILE = YES;
				INFOPLIST_FILE = caldog/Info.plist;
				"INFOPLIST_KEY_UIApplicationSceneManifest_Generation[sdk=iphoneos*]" = YES;
				"INFOPLIST_KEY_UIApplicationSceneManifest_Generation[sdk=iphonesimulator*]" = YES;
				"INFOPLIST_KEY_UIApplicationSupportsIndirectInputEvents[sdk=iphoneos*]" = YES;
				"INFOPLIST_KEY_UIApplicationSupportsIndirectInputEvents[sdk=iphonesimulator*]" = YES;
				"INFOPLIST_KEY_UILaunchScreen_Generation[sdk=iphoneos*]" = YES;
				"INFOPLIST_KEY_UILaunchScreen_Generation[sdk=iphonesimulator*]" = YES;
				"INFOPLIST_KEY_UIStatusBarStyle[sdk=iphoneos*]" = UIStatusBarStyleDefault;
				"INFOPLIST_KEY_UIStatusBarStyle[sdk=iphonesimulator*]" = UIStatusBarStyleDefault;
				INFOPLIST_KEY_UISupportedInterfaceOrientations_iPad = "UIInterfaceOrientationPortrait UIInterfaceOrientationPortraitUpsideDown UIInterfaceOrientationLandscapeLeft UIInterfaceOrientationLandscapeRight";
				INFOPLIST_KEY_UISupportedInterfaceOrientations_iPhone = "UIInterfaceOrientationPortrait UIInterfaceOrientationLandscapeLeft UIInterfaceOrientationLandscapeRight";
				IPHONEOS_DEPLOYMENT_TARGET = 26.5;
				LD_RUNPATH_SEARCH_PATHS = "@executable_path/Frameworks";
				"LD_RUNPATH_SEARCH_PATHS[sdk=macosx*]" = "@executable_path/../Frameworks";
				MACOSX_DEPLOYMENT_TARGET = 26.5;
				MARKETING_VERSION = 1.0;
				PRODUCT_BUNDLE_IDENTIFIER = dev.sijun.caldog;
				PRODUCT_NAME = "$(TARGET_NAME)";
				REGISTER_APP_GROUPS = YES;
				SDKROOT = auto;
				STRING_CATALOG_GENERATE_SYMBOLS = YES;
				SUPPORTED_PLATFORMS = "iphoneos iphonesimulator macosx xros xrsimulator";
				SWIFT_APPROACHABLE_CONCURRENCY = YES;
				SWIFT_DEFAULT_ACTOR_ISOLATION = MainActor;
				SWIFT_EMIT_LOC_STRINGS = YES;
				SWIFT_UPCOMING_FEATURE_MEMBER_IMPORT_VISIBILITY = YES;
				SWIFT_VERSION = 5.0;
				TARGETED_DEVICE_FAMILY = "1,2,7";
				XROS_DEPLOYMENT_TARGET = 26.5;
			};
			name = Release;
		};
		EDCF3DD02FE9743600B6AD67 /* Debug */ = {
			isa = XCBuildConfiguration;
			buildSettings = {
				ALWAYS_SEARCH_USER_PATHS = NO;
				ASSETCATALOG_COMPILER_GENERATE_SWIFT_ASSET_SYMBOL_EXTENSIONS = YES;
				CLANG_ANALYZER_NONNULL = YES;
				CLANG_ANALYZER_NUMBER_OBJECT_CONVERSION = YES_AGGRESSIVE;
				CLANG_CXX_LANGUAGE_STANDARD = "gnu++20";
				CLANG_ENABLE_MODULES = YES;
				CLANG_ENABLE_OBJC_ARC = YES;
				CLANG_ENABLE_OBJC_WEAK = YES;
				CLANG_WARN_BLOCK_CAPTURE_AUTORELEASING = YES;
				CLANG_WARN_BOOL_CONVERSION = YES;
				CLANG_WARN_COMMA = YES;
				CLANG_WARN_CONSTANT_CONVERSION = YES;
				CLANG_WARN_DEPRECATED_OBJC_IMPLEMENTATIONS = YES;
				CLANG_WARN_DIRECT_OBJC_ISA_USAGE = YES_ERROR;
				CLANG_WARN_DOCUMENTATION_COMMENTS = YES;
				CLANG_WARN_EMPTY_BODY = YES;
				CLANG_WARN_ENUM_CONVERSION = YES;
				CLANG_WARN_INFINITE_RECURSION = YES;
				CLANG_WARN_INT_CONVERSION = YES;
				CLANG_WARN_NON_LITERAL_NULL_CONVERSION = YES;
				CLANG_WARN_OBJC_IMPLICIT_RETAIN_SELF = YES;
				CLANG_WARN_OBJC_LITERAL_CONVERSION = YES;
				CLANG_WARN_OBJC_ROOT_CLASS = YES_ERROR;
				CLANG_WARN_QUOTED_INCLUDE_IN_FRAMEWORK_HEADER = YES;
				CLANG_WARN_RANGE_LOOP_ANALYSIS = YES;
				CLANG_WARN_STRICT_PROTOTYPES = YES;
				CLANG_WARN_SUSPICIOUS_MOVE = YES;
				CLANG_WARN_UNGUARDED_AVAILABILITY = YES_AGGRESSIVE;
				CLANG_WARN_UNREACHABLE_CODE = YES;
				CLANG_WARN__DUPLICATE_METHOD_MATCH = YES;
				COPY_PHASE_STRIP = NO;
				DEBUG_INFORMATION_FORMAT = dwarf;
				DEVELOPMENT_TEAM = 9ZMW52M7L5;
				ENABLE_STRICT_OBJC_MSGSEND = YES;
				ENABLE_TESTABILITY = YES;
				ENABLE_USER_SCRIPT_SANDBOXING = YES;
				GCC_C_LANGUAGE_STANDARD = gnu17;
				GCC_DYNAMIC_NO_PIC = NO;
				GCC_NO_COMMON_BLOCKS = YES;
				GCC_OPTIMIZATION_LEVEL = 0;
				GCC_PREPROCESSOR_DEFINITIONS = (
					"DEBUG=1",
					"$(inherited)",
				);
				GCC_WARN_64_TO_32_BIT_CONVERSION = YES;
				GCC_WARN_ABOUT_RETURN_TYPE = YES_ERROR;
				GCC_WARN_UNDECLARED_SELECTOR = YES;
				GCC_WARN_UNINITIALIZED_AUTOS = YES_AGGRESSIVE;
				GCC_WARN_UNUSED_FUNCTION = YES;
				GCC_WARN_UNUSED_VARIABLE = YES;
				LOCALIZATION_PREFERS_STRING_CATALOGS = YES;
				MTL_ENABLE_DEBUG_INFO = INCLUDE_SOURCE;
				MTL_FAST_MATH = YES;
				ONLY_ACTIVE_ARCH = YES;
				SWIFT_ACTIVE_COMPILATION_CONDITIONS = "DEBUG $(inherited)";
				SWIFT_OPTIMIZATION_LEVEL = "-Onone";
			};
			name = Debug;
		};
		EDCF3DD12FE9743600B6AD67 /* Release */ = {
			isa = XCBuildConfiguration;
			buildSettings = {
				ALWAYS_SEARCH_USER_PATHS = NO;
				ASSETCATALOG_COMPILER_GENERATE_SWIFT_ASSET_SYMBOL_EXTENSIONS = YES;
				CLANG_ANALYZER_NONNULL = YES;
				CLANG_ANALYZER_NUMBER_OBJECT_CONVERSION = YES_AGGRESSIVE;
				CLANG_CXX_LANGUAGE_STANDARD = "gnu++20";
				CLANG_ENABLE_MODULES = YES;
				CLANG_ENABLE_OBJC_ARC = YES;
				CLANG_ENABLE_OBJC_WEAK = YES;
				CLANG_WARN_BLOCK_CAPTURE_AUTORELEASING = YES;
				CLANG_WARN_BOOL_CONVERSION = YES;
				CLANG_WARN_COMMA = YES;
				CLANG_WARN_CONSTANT_CONVERSION = YES;
				CLANG_WARN_DEPRECATED_OBJC_IMPLEMENTATIONS = YES;
				CLANG_WARN_DIRECT_OBJC_ISA_USAGE = YES_ERROR;
				CLANG_WARN_DOCUMENTATION_COMMENTS = YES;
				CLANG_WARN_EMPTY_BODY = YES;
				CLANG_WARN_ENUM_CONVERSION = YES;
				CLANG_WARN_INFINITE_RECURSION = YES;
				CLANG_WARN_INT_CONVERSION = YES;
				CLANG_WARN_NON_LITERAL_NULL_CONVERSION = YES;
				CLANG_WARN_OBJC_IMPLICIT_RETAIN_SELF = YES;
				CLANG_WARN_OBJC_LITERAL_CONVERSION = YES;
				CLANG_WARN_OBJC_ROOT_CLASS = YES_ERROR;
				CLANG_WARN_QUOTED_INCLUDE_IN_FRAMEWORK_HEADER = YES;
				CLANG_WARN_RANGE_LOOP_ANALYSIS = YES;
				CLANG_WARN_STRICT_PROTOTYPES = YES;
				CLANG_WARN_SUSPICIOUS_MOVE = YES;
				CLANG_WARN_UNGUARDED_AVAILABILITY = YES_AGGRESSIVE;
				CLANG_WARN_UNREACHABLE_CODE = YES;
				CLANG_WARN__DUPLICATE_METHOD_MATCH = YES;
				COPY_PHASE_STRIP = NO;
				DEBUG_INFORMATION_FORMAT = "dwarf-with-dsym";
				DEVELOPMENT_TEAM = 9ZMW52M7L5;
				ENABLE_NS_ASSERTIONS = NO;
				ENABLE_STRICT_OBJC_MSGSEND = YES;
				ENABLE_USER_SCRIPT_SANDBOXING = YES;
				GCC_C_LANGUAGE_STANDARD = gnu17;
				GCC_NO_COMMON_BLOCKS = YES;
				GCC_WARN_64_TO_32_BIT_CONVERSION = YES;
				GCC_WARN_ABOUT_RETURN_TYPE = YES_ERROR;
				GCC_WARN_UNDECLARED_SELECTOR = YES;
				GCC_WARN_UNINITIALIZED_AUTOS = YES_AGGRESSIVE;
				GCC_WARN_UNUSED_FUNCTION = YES;
				GCC_WARN_UNUSED_VARIABLE = YES;
				LOCALIZATION_PREFERS_STRING_CATALOGS = YES;
				MTL_ENABLE_DEBUG_INFO = NO;
				MTL_FAST_MATH = YES;
				SWIFT_COMPILATION_MODE = wholemodule;
			};
			name = Release;
		};
/* End XCBuildConfiguration section */

/* Begin XCConfigurationList section */
		31274D7E9C58E92BEF4A5135 /* Build configuration list for PBXNativeTarget "CaldogWidget" */ = {
			isa = XCConfigurationList;
			buildConfigurations = (
				3E57185BB4FE714747A84ACD /* Release */,
				C120F71BD3BEC96351886AD9 /* Debug */,
			);
			defaultConfigurationIsVisible = 0;
			defaultConfigurationName = Release;
		};
		EDCF3DBA2FE9743500B6AD67 /* Build configuration list for PBXProject "caldog" */ = {
			isa = XCConfigurationList;
			buildConfigurations = (
				EDCF3DD02FE9743600B6AD67 /* Debug */,
				EDCF3DD12FE9743600B6AD67 /* Release */,
			);
			defaultConfigurationIsVisible = 0;
			defaultConfigurationName = Release;
		};
		EDCF3DCD2FE9743600B6AD67 /* Build configuration list for PBXNativeTarget "caldog" */ = {
			isa = XCConfigurationList;
			buildConfigurations = (
				EDCF3DCE2FE9743600B6AD67 /* Debug */,
				EDCF3DCF2FE9743600B6AD67 /* Release */,
			);
			defaultConfigurationIsVisible = 0;
			defaultConfigurationName = Release;
		};
/* End XCConfigurationList section */

/* Begin XCLocalSwiftPackageReference section */
		01B2878DF28C480D52DB91FB /* XCLocalSwiftPackageReference "../CaldogKit" */ = {
			isa = XCLocalSwiftPackageReference;
			relativePath = ../CaldogKit;
		};
/* End XCLocalSwiftPackageReference section */

/* Begin XCSwiftPackageProductDependency section */
		7F1D6AEADE9578DF562B751B /* CaldogKit */ = {
			isa = XCSwiftPackageProductDependency;
			package = 01B2878DF28C480D52DB91FB /* XCLocalSwiftPackageReference "../CaldogKit" */;
			productName = CaldogKit;
		};
		E3B0B54D4D403415971CC957 /* CaldogKit */ = {
			isa = XCSwiftPackageProductDependency;
			package = 01B2878DF28C480D52DB91FB /* XCLocalSwiftPackageReference "../CaldogKit" */;
			productName = CaldogKit;
		};
/* End XCSwiftPackageProductDependency section */
	};
	rootObject = EDCF3DB72FE9743500B6AD67 /* Project object */;
}
